
Microsoft Visual Studio Solution File, Format Version 12.00
# Visual Studio 14
VisualStudioVersion = 14.0.25420.1
MinimumVisualStudioVersion = 10.0.40219.1
Project("{2150E333-8FDC-42A3-9474-1A3956D46DE8}") = "src", "src", "{D7E031F3-9ACA-40DD-BB4B-D4B30F888BA1}"
EndProject
Project("{2150E333-8FDC-42A3-9474-1A3956D46DE8}") = "Solution Items", "Solution Items", "{015744A5-692A-47AD-81FC-98D98CFBD775}"
	ProjectSection(SolutionItems) = preProject
		global.json = global.json
	EndProjectSection
EndProject
Project("{8BB2217D-0F2D-49D1-97BC-3654ED321F3B}") = "ToDoListTest", "src\ToDoListTest\ToDoListTest.xproj", "{C0E7EAC4-B6F4-4C4B-8B7F-CC6D00B61A05}"
EndProject
Global
	GlobalSection(SolutionConfigurationPlatforms) = preSolution
		Debug|Any CPU = Debug|Any CPU
		Release|Any CPU = Release|Any CPU
	EndGlobalSection
	GlobalSection(ProjectConfigurationPlatforms) = postSolution
		{C0E7EAC4-B6F4-4C4B-8B7F-CC6D00B61A05}.Debug|Any CPU.ActiveCfg = Debug|Any CPU
		{C0E7EAC4-B6F4-4C4B-8B7F-CC6D00B61A05}.Debug|Any CPU.Build.0 = Debug|Any CPU
		{C0E7EAC4-B6F4-4C4B-8B7F-CC6D00B61A05}.Release|Any CPU.ActiveCfg = Release|Any CPU
		{C0E7EAC4-B6F4-4C4B-8B7F-CC6D00B61A05}.Release|Any CPU.Build.0 = Release|Any CPU
	EndGlobalSection
	GlobalSection(SolutionProperties) = preSolution
		HideSolutionNode = FALSE
	EndGlobalSection
	GlobalSection(NestedProjects) = preSolution
		{C0E7EAC4-B6F4-4C4B-8B7F-CC6D00B61A05} = {D7E031F3-9ACA-40DD-BB4B-D4B30F888BA1}
	EndGlobalSection
EndGlobal
